// !$*UTF8*$!
{
	archiveVersion = 1;
	classes = {
	};
	objectVersion = 55;
	objects = {

/* Begin PBXBuildFile section */
		0C0BE0F42987BFEB00C750C7 /* APIManager.swift in Sources */ = {isa = PBXBuildFile; fileRef = 0C0BE0F32987BFEB00C750C7 /* APIManager.swift */; };
		0C0BE0F72987C11E00C750C7 /* Constants.swift in Sources */ = {isa = PBXBuildFile; fileRef = 0C0BE0F62987C11E00C750C7 /* Constants.swift */; };
		0C0BE0F92987C47E00C750C7 /* MVGenreCollection.swift in Sources */ = {isa = PBXBuildFile; fileRef = 0C0BE0F82987C47E00C750C7 /* MVGenreCollection.swift */; };
		0C0BE0FD2987C51E00C750C7 /* MVGenre.swift in Sources */ = {isa = PBXBuildFile; fileRef = 0C0BE0FC2987C51E00C750C7 /* MVGenre.swift */; };
		0C32E3B9298830B300802851 /* MVMovieDetailModule.swift in Sources */ = {isa = PBXBuildFile; fileRef = 0C32E3B4298830B300802851 /* MVMovieDetailModule.swift */; };
		0C32E3BA298830B300802851 /* MVMovieDetailPresenter.swift in Sources */ = {isa = PBXBuildFile; fileRef = 0C32E3B5298830B300802851 /* MVMovieDetailPresenter.swift */; };
		0C32E3BB298830B300802851 /* MVMovieDetailRouter.swift in Sources */ = {isa = PBXBuildFile; fileRef = 0C32E3B6298830B300802851 /* MVMovieDetailRouter.swift */; };
		0C32E3BC298830B300802851 /* MVMovieDetailViewController.swift in Sources */ = {isa = PBXBuildFile; fileRef = 0C32E3B7298830B300802851 /* MVMovieDetailViewController.swift */; };
		0C32E3BD298830B300802851 /* MVMovieDetailInteractor.swift in Sources */ = {isa = PBXBuildFile; fileRef = 0C32E3B8298830B300802851 /* MVMovieDetailInteractor.swift */; };
		0C5279A52987B35900E1996C /* AppDelegate.swift in Sources */ = {isa = PBXBuildFile; fileRef = 0C5279A42987B35900E1996C /* AppDelegate.swift */; };
		0C5279A72987B35900E1996C /* SceneDelegate.swift in Sources */ = {isa = PBXBuildFile; fileRef = 0C5279A62987B35900E1996C /* SceneDelegate.swift */; };
		0C5279A92987B35900E1996C /* ViewController.swift in Sources */ = {isa = PBXBuildFile; fileRef = 0C5279A82987B35900E1996C /* ViewController.swift */; };
		0C5279AE2987B35A00E1996C /* Assets.xcassets in Resources */ = {isa = PBXBuildFile; fileRef = 0C5279AD2987B35A00E1996C /* Assets.xcassets */; };
		0C5279B12987B35A00E1996C /* LaunchScreen.storyboard in Resources */ = {isa = PBXBuildFile; fileRef = 0C5279AF2987B35A00E1996C /* LaunchScreen.storyboard */; };
		0CC3C9D12987CCFB00488508 /* MVHomeModule.swift in Sources */ = {isa = PBXBuildFile; fileRef = 0CC3C9CC2987CCFB00488508 /* MVHomeModule.swift */; };
		0CC3C9D22987CCFB00488508 /* MVHomePresenter.swift in Sources */ = {isa = PBXBuildFile; fileRef = 0CC3C9CD2987CCFB00488508 /* MVHomePresenter.swift */; };
		0CC3C9D32987CCFB00488508 /* MVHomeRouter.swift in Sources */ = {isa = PBXBuildFile; fileRef = 0CC3C9CE2987CCFB00488508 /* MVHomeRouter.swift */; };
		0CC3C9D42987CCFB00488508 /* MVHomeViewController.swift in Sources */ = {isa = PBXBuildFile; fileRef = 0CC3C9CF2987CCFB00488508 /* MVHomeViewController.swift */; };
		0CC3C9D52987CCFB00488508 /* MVHomeInteractor.swift in Sources */ = {isa = PBXBuildFile; fileRef = 0CC3C9D02987CCFB00488508 /* MVHomeInteractor.swift */; };
		0CC3C9D82987CEAA00488508 /* MVHomeView.swift in Sources */ = {isa = PBXBuildFile; fileRef = 0CC3C9D72987CEAA00488508 /* MVHomeView.swift */; };
		0CC3C9DA2987D04D00488508 /* MVHomeViewController+Ext.swift in Sources */ = {isa = PBXBuildFile; fileRef = 0CC3C9D92987D04D00488508 /* MVHomeViewController+Ext.swift */; };
		0CC3C9E22987D9B400488508 /* MVMovieListModule.swift in Sources */ = {isa = PBXBuildFile; fileRef = 0CC3C9DD2987D9B400488508 /* MVMovieListModule.swift */; };
		0CC3C9E32987D9B400488508 /* MVMovieListPresenter.swift in Sources */ = {isa = PBXBuildFile; fileRef = 0CC3C9DE2987D9B400488508 /* MVMovieListPresenter.swift */; };
		0CC3C9E42987D9B400488508 /* MVMovieListRouter.swift in Sources */ = {isa = PBXBuildFile; fileRef = 0CC3C9DF2987D9B400488508 /* MVMovieListRouter.swift */; };
		0CC3C9E52987D9B400488508 /* MVMovieListViewController.swift in Sources */ = {isa = PBXBuildFile; fileRef = 0CC3C9E02987D9B400488508 /* MVMovieListViewController.swift */; };
		0CC3C9E62987D9B400488508 /* MVMovieListInteractor.swift in Sources */ = {isa = PBXBuildFile; fileRef = 0CC3C9E12987D9B400488508 /* MVMovieListInteractor.swift */; };
		0CC3C9E82987DE3C00488508 /* MVMovie.swift in Sources */ = {isa = PBXBuildFile; fileRef = 0CC3C9E72987DE3C00488508 /* MVMovie.swift */; };
		0CC3C9EA2987DF5E00488508 /* MVMovieCollection.swift in Sources */ = {isa = PBXBuildFile; fileRef = 0CC3C9E92987DF5E00488508 /* MVMovieCollection.swift */; };
		0CC3C9ED2987EE4200488508 /* MVMovieListView.swift in Sources */ = {isa = PBXBuildFile; fileRef = 0CC3C9EC2987EE4200488508 /* MVMovieListView.swift */; };
		0CC3C9EF2987F07500488508 /* MVMovieListViewController+Ext.swift in Sources */ = {isa = PBXBuildFile; fileRef = 0CC3C9EE2987F07500488508 /* MVMovieListViewController+Ext.swift */; };
		0CC3C9F12987F1FA00488508 /* MVMovieListCollectionViewCell.swift in Sources */ = {isa = PBXBuildFile; fileRef = 0CC3C9F02987F1FA00488508 /* MVMovieListCollectionViewCell.swift */; };
		1B0CFD0B686F18AC31DB9174 /* Pods_MovieDBRxViper.framework in Frameworks */ = {isa = PBXBuildFile; fileRef = C844783946DE40796DA0B5E5 /* Pods_MovieDBRxViper.framework */; };
/* End PBXBuildFile section */

/* Begin PBXFileReference section */
		0C0BE0F32987BFEB00C750C7 /* APIManager.swift */ = {isa = PBXFileReference; lastKnownFileType = sourcecode.swift; path = APIManager.swift; sourceTree = "<group>"; };
		0C0BE0F62987C11E00C750C7 /* Constants.swift */ = {isa = PBXFileReference; lastKnownFileType = sourcecode.swift; path = Constants.swift; sourceTree = "<group>"; };
		0C0BE0F82987C47E00C750C7 /* MVGenreCollection.swift */ = {isa = PBXFileReference; lastKnownFileType = sourcecode.swift; path = MVGenreCollection.swift; sourceTree = "<group>"; };
		0C0BE0FC2987C51E00C750C7 /* MVGenre.swift */ = {isa = PBXFileReference; lastKnownFileType = sourcecode.swift; path = MVGenre.swift; sourceTree = "<group>"; };
		0C32E3B4298830B300802851 /* MVMovieDetailModule.swift */ = {isa = PBXFileReference; lastKnownFileType = sourcecode.swift; path = MVMovieDetailModule.swift; sourceTree = "<group>"; };
		0C32E3B5298830B300802851 /* MVMovieDetailPresenter.swift */ = {isa = PBXFileReference; lastKnownFileType = sourcecode.swift; path = MVMovieDetailPresenter.swift; sourceTree = "<group>"; };
		0C32E3B6298830B300802851 /* MVMovieDetailRouter.swift */ = {isa = PBXFileReference; lastKnownFileType = sourcecode.swift; path = MVMovieDetailRouter.swift; sourceTree = "<group>"; };
		0C32E3B7298830B300802851 /* MVMovieDetailViewController.swift */ = {isa = PBXFileReference; lastKnownFileType = sourcecode.swift; path = MVMovieDetailViewController.swift; sourceTree = "<group>"; };
		0C32E3B8298830B300802851 /* MVMovieDetailInteractor.swift */ = {isa = PBXFileReference; lastKnownFileType = sourcecode.swift; path = MVMovieDetailInteractor.swift; sourceTree = "<group>"; };
		0C5279A12987B35900E1996C /* MovieDBRxViper.app */ = {isa = PBXFileReference; explicitFileType = wrapper.application; includeInIndex = 0; path = MovieDBRxViper.app; sourceTree = BUILT_PRODUCTS_DIR; };
		0C5279A42987B35900E1996C /* AppDelegate.swift */ = {isa = PBXFileReference; lastKnownFileType = sourcecode.swift; path = AppDelegate.swift; sourceTree = "<group>"; };
		0C5279A62987B35900E1996C /* SceneDelegate.swift */ = {isa = PBXFileReference; lastKnownFileType = sourcecode.swift; path = SceneDelegate.swift; sourceTree = "<group>"; };
		0C5279A82987B35900E1996C /* ViewController.swift */ = {isa = PBXFileReference; lastKnownFileType = sourcecode.swift; path = ViewController.swift; sourceTree = "<group>"; };
		0C5279AD2987B35A00E1996C /* Assets.xcassets */ = {isa = PBXFileReference; lastKnownFileType = folder.assetcatalog; path = Assets.xcassets; sourceTree = "<group>"; };
		0C5279B02987B35A00E1996C /* Base */ = {isa = PBXFileReference; lastKnownFileType = file.storyboard; name = Base; path = Base.lproj/LaunchScreen.storyboard; sourceTree = "<group>"; };
		0C5279B22987B35A00E1996C /* Info.plist */ = {isa = PBXFileReference; lastKnownFileType = text.plist.xml; path = Info.plist; sourceTree = "<group>"; };
		0CC3C9CC2987CCFB00488508 /* MVHomeModule.swift */ = {isa = PBXFileReference; lastKnownFileType = sourcecode.swift; path = MVHomeModule.swift; sourceTree = "<group>"; };
		0CC3C9CD2987CCFB00488508 /* MVHomePresenter.swift */ = {isa = PBXFileReference; lastKnownFileType = sourcecode.swift; path = MVHomePresenter.swift; sourceTree = "<group>"; };
		0CC3C9CE2987CCFB00488508 /* MVHomeRouter.swift */ = {isa = PBXFileReference; lastKnownFileType = sourcecode.swift; path = MVHomeRouter.swift; sourceTree = "<group>"; };
		0CC3C9CF2987CCFB00488508 /* MVHomeViewController.swift */ = {isa = PBXFileReference; lastKnownFileType = sourcecode.swift; path = MVHomeViewController.swift; sourceTree = "<group>"; };
		0CC3C9D02987CCFB00488508 /* MVHomeInteractor.swift */ = {isa = PBXFileReference; lastKnownFileType = sourcecode.swift; path = MVHomeInteractor.swift; sourceTree = "<group>"; };
		0CC3C9D72987CEAA00488508 /* MVHomeView.swift */ = {isa = PBXFileReference; lastKnownFileType = sourcecode.swift; path = MVHomeView.swift; sourceTree = "<group>"; };
		0CC3C9D92987D04D00488508 /* MVHomeViewController+Ext.swift */ = {isa = PBXFileReference; lastKnownFileType = sourcecode.swift; path = "MVHomeViewController+Ext.swift"; sourceTree = "<group>"; };
		0CC3C9DD2987D9B400488508 /* MVMovieListModule.swift */ = {isa = PBXFileReference; lastKnownFileType = sourcecode.swift; path = MVMovieListModule.swift; sourceTree = "<group>"; };
		0CC3C9DE2987D9B400488508 /* MVMovieListPresenter.swift */ = {isa = PBXFileReference; lastKnownFileType = sourcecode.swift; path = MVMovieListPresenter.swift; sourceTree = "<group>"; };
		0CC3C9DF2987D9B400488508 /* MVMovieListRouter.swift */ = {isa = PBXFileReference; lastKnownFileType = sourcecode.swift; path = MVMovieListRouter.swift; sourceTree = "<group>"; };
		0CC3C9E02987D9B400488508 /* MVMovieListViewController.swift */ = {isa = PBXFileReference; lastKnownFileType = sourcecode.swift; path = MVMovieListViewController.swift; sourceTree = "<group>"; };
		0CC3C9E12987D9B400488508 /* MVMovieListInteractor.swift */ = {isa = PBXFileReference; lastKnownFileType = sourcecode.swift; path = MVMovieListInteractor.swift; sourceTree = "<group>"; };
		0CC3C9E72987DE3C00488508 /* MVMovie.swift */ = {isa = PBXFileReference; lastKnownFileType = sourcecode.swift; path = MVMovie.swift; sourceTree = "<group>"; };
		0CC3C9E92987DF5E00488508 /* MVMovieCollection.swift */ = {isa = PBXFileReference; lastKnownFileType = sourcecode.swift; path = MVMovieCollection.swift; sourceTree = "<group>"; };
		0CC3C9EC2987EE4200488508 /* MVMovieListView.swift */ = {isa = PBXFileReference; lastKnownFileType = sourcecode.swift; path = MVMovieListView.swift; sourceTree = "<group>"; };
		0CC3C9EE2987F07500488508 /* MVMovieListViewController+Ext.swift */ = {isa = PBXFileReference; lastKnownFileType = sourcecode.swift; path = "MVMovieListViewController+Ext.swift"; sourceTree = "<group>"; };
		0CC3C9F02987F1FA00488508 /* MVMovieListCollectionViewCell.swift */ = {isa = PBXFileReference; lastKnownFileType = sourcecode.swift; path = MVMovieListCollectionViewCell.swift; sourceTree = "<group>"; };
		4A72BED0A212C5CDA7812199 /* Pods-MovieDBRxViper.release.xcconfig */ = {isa = PBXFileReference; includeInIndex = 1; lastKnownFileType = text.xcconfig; name = "Pods-MovieDBRxViper.release.xcconfig"; path = "Target Support Files/Pods-MovieDBRxViper/Pods-MovieDBRxViper.release.xcconfig"; sourceTree = "<group>"; };
		5F6D0933FD11087E2893339E /* Pods-MovieDBRxViper.debug.xcconfig */ = {isa = PBXFileReference; includeInIndex = 1; lastKnownFileType = text.xcconfig; name = "Pods-MovieDBRxViper.debug.xcconfig"; path = "Target Support Files/Pods-MovieDBRxViper/Pods-MovieDBRxViper.debug.xcconfig"; sourceTree = "<group>"; };
		C844783946DE40796DA0B5E5 /* Pods_MovieDBRxViper.framework */ = {isa = PBXFileReference; explicitFileType = wrapper.framework; includeInIndex = 0; path = Pods_MovieDBRxViper.framework; sourceTree = BUILT_PRODUCTS_DIR; };
/* End PBXFileReference section */

/* Begin PBXFrameworksBuildPhase section */
		0C52799E2987B35900E1996C /* Frameworks */ = {
			isa = PBXFrameworksBuildPhase;
			buildActionMask = 2147483647;
			files = (
				1B0CFD0B686F18AC31DB9174 /* Pods_MovieDBRxViper.framework in Frameworks */,
			);
			runOnlyForDeploymentPostprocessing = 0;
		};
/* End PBXFrameworksBuildPhase section */

/* Begin PBXGroup section */
		0C0BE0F52987C10700C750C7 /* Utilities */ = {
			isa = PBXGroup;
			children = (
				0C0BE0F32987BFEB00C750C7 /* APIManager.swift */,
				0C0BE0F62987C11E00C750C7 /* Constants.swift */,
			);
			path = Utilities;
			sourceTree = "<group>";
		};
		0C0BE0FA2987C48D00C750C7 /* Models */ = {
			isa = PBXGroup;
			children = (
				0C0BE0F82987C47E00C750C7 /* MVGenreCollection.swift */,
				0C0BE0FC2987C51E00C750C7 /* MVGenre.swift */,
				0CC3C9E92987DF5E00488508 /* MVMovieCollection.swift */,
				0CC3C9E72987DE3C00488508 /* MVMovie.swift */,
			);
			path = Models;
			sourceTree = "<group>";
		};
		0C32E3B32988308D00802851 /* MovieDetail */ = {
			isa = PBXGroup;
			children = (
				0C32E3B4298830B300802851 /* MVMovieDetailModule.swift */,
				0C32E3B5298830B300802851 /* MVMovieDetailPresenter.swift */,
				0C32E3B6298830B300802851 /* MVMovieDetailRouter.swift */,
				0C32E3B7298830B300802851 /* MVMovieDetailViewController.swift */,
				0C32E3B8298830B300802851 /* MVMovieDetailInteractor.swift */,
			);
			path = MovieDetail;
			sourceTree = "<group>";
		};
		0C5279982987B35900E1996C = {
			isa = PBXGroup;
			children = (
				0C5279A32987B35900E1996C /* MovieDBRxViper */,
				0C5279A22987B35900E1996C /* Products */,
				89B28DE10176FFC3E20750B6 /* Pods */,
				FC3FBC3E73184E6703E3417D /* Frameworks */,
			);
			sourceTree = "<group>";
		};
		0C5279A22987B35900E1996C /* Products */ = {
			isa = PBXGroup;
			children = (
				0C5279A12987B35900E1996C /* MovieDBRxViper.app */,
			);
			name = Products;
			sourceTree = "<group>";
		};
		0C5279A32987B35900E1996C /* MovieDBRxViper */ = {
			isa = PBXGroup;
			children = (
				0C5279AD2987B35A00E1996C /* Assets.xcassets */,
				0C5279AF2987B35A00E1996C /* LaunchScreen.storyboard */,
				0C5279B22987B35A00E1996C /* Info.plist */,
				0C5279A42987B35900E1996C /* AppDelegate.swift */,
				0C5279A62987B35900E1996C /* SceneDelegate.swift */,
				0C5279A82987B35900E1996C /* ViewController.swift */,
				0C0BE0FA2987C48D00C750C7 /* Models */,
				0CC3C9DB2987D94800488508 /* Screens */,
				0C0BE0F52987C10700C750C7 /* Utilities */,
			);
			path = MovieDBRxViper;
			sourceTree = "<group>";
		};
		0CC3C9D62987CD0600488508 /* Home */ = {
			isa = PBXGroup;
			children = (
				0CC3C9CC2987CCFB00488508 /* MVHomeModule.swift */,
				0CC3C9CD2987CCFB00488508 /* MVHomePresenter.swift */,
				0CC3C9CE2987CCFB00488508 /* MVHomeRouter.swift */,
				0CC3C9CF2987CCFB00488508 /* MVHomeViewController.swift */,
				0CC3C9D92987D04D00488508 /* MVHomeViewController+Ext.swift */,
				0CC3C9D72987CEAA00488508 /* MVHomeView.swift */,
				0CC3C9D02987CCFB00488508 /* MVHomeInteractor.swift */,
			);
			path = Home;
			sourceTree = "<group>";
		};
		0CC3C9DB2987D94800488508 /* Screens */ = {
			isa = PBXGroup;
			children = (
				0CC3C9D62987CD0600488508 /* Home */,
				0CC3C9DC2987D99000488508 /* MovieList */,
				0C32E3B32988308D00802851 /* MovieDetail */,
			);
			path = Screens;
			sourceTree = "<group>";
		};
		0CC3C9DC2987D99000488508 /* MovieList */ = {
			isa = PBXGroup;
			children = (
				0CC3C9DD2987D9B400488508 /* MVMovieListModule.swift */,
				0CC3C9DE2987D9B400488508 /* MVMovieListPresenter.swift */,
				0CC3C9DF2987D9B400488508 /* MVMovieListRouter.swift */,
				0CC3C9E02987D9B400488508 /* MVMovieListViewController.swift */,
				0CC3C9EC2987EE4200488508 /* MVMovieListView.swift */,
				0CC3C9F02987F1FA00488508 /* MVMovieListCollectionViewCell.swift */,
				0CC3C9EE2987F07500488508 /* MVMovieListViewController+Ext.swift */,
				0CC3C9E12987D9B400488508 /* MVMovieListInteractor.swift */,
			);
			path = MovieList;
			sourceTree = "<group>";
		};
		89B28DE10176FFC3E20750B6 /* Pods */ = {
			isa = PBXGroup;
			children = (
				5F6D0933FD11087E2893339E /* Pods-MovieDBRxViper.debug.xcconfig */,
				4A72BED0A212C5CDA7812199 /* Pods-MovieDBRxViper.release.xcconfig */,
			);
			path = Pods;
			sourceTree = "<group>";
		};
		FC3FBC3E73184E6703E3417D /* Frameworks */ = {
			isa = PBXGroup;
			children = (
				C844783946DE40796DA0B5E5 /* Pods_MovieDBRxViper.framework */,
			);
			name = Frameworks;
			sourceTree = "<group>";
		};
/* End PBXGroup section */

/* Begin PBXNativeTarget section */
		0C5279A02987B35900E1996C /* MovieDBRxViper */ = {
			isa = PBXNativeTarget;
			buildConfigurationList = 0C5279B52987B35A00E1996C /* Build configuration list for PBXNativeTarget "MovieDBRxViper" */;
			buildPhases = (
				65D38EAEBB96A308CACF5220 /* [CP] Check Pods Manifest.lock */,
				0C52799D2987B35900E1996C /* Sources */,
				0C52799E2987B35900E1996C /* Frameworks */,
				0C52799F2987B35900E1996C /* Resources */,
				8F8057C55024629E1399C635 /* [CP] Embed Pods Frameworks */,
			);
			buildRules = (
			);
			dependencies = (
			);
			name = MovieDBRxViper;
			productName = MovieDBRxViper;
			productReference = 0C5279A12987B35900E1996C /* MovieDBRxViper.app */;
			productType = "com.apple.product-type.application";
		};
/* End PBXNativeTarget section */

/* Begin PBXProject section */
		0C5279992987B35900E1996C /* Project object */ = {
			isa = PBXProject;
			attributes = {
				BuildIndependentTargetsInParallel = 1;
				LastSwiftUpdateCheck = 1420;
				LastUpgradeCheck = 1420;
				TargetAttributes = {
					0C5279A02987B35900E1996C = {
						CreatedOnToolsVersion = 14.2;
					};
				};
			};
			buildConfigurationList = 0C52799C2987B35900E1996C /* Build configuration list for PBXProject "MovieDBRxViper" */;
			compatibilityVersion = "Xcode 13.0";
			developmentRegion = en;
			hasScannedForEncodings = 0;
			knownRegions = (
				en,
				Base,
			);
			mainGroup = 0C5279982987B35900E1996C;
			productRefGroup = 0C5279A22987B35900E1996C /* Products */;
			projectDirPath = "";
			projectRoot = "";
			targets = (
				0C5279A02987B35900E1996C /* MovieDBRxViper */,
			);
		};
/* End PBXProject section */

/* Begin PBXResourcesBuildPhase section */
		0C52799F2987B35900E1996C /* Resources */ = {
			isa = PBXResourcesBuildPhase;
			buildActionMask = 2147483647;
			files = (
				0C5279B12987B35A00E1996C /* LaunchScreen.storyboard in Resources */,
				0C5279AE2987B35A00E1996C /* Assets.xcassets in Resources */,
			);
			runOnlyForDeploymentPostprocessing = 0;
		};
/* End PBXResourcesBuildPhase section */

/* Begin PBXShellScriptBuildPhase section */
		65D38EAEBB96A308CACF5220 /* [CP] Check Pods Manifest.lock */ = {
			isa = PBXShellScriptBuildPhase;
			buildActionMask = 2147483647;
			files = (
			);
			inputFileListPaths = (
			);
			inputPaths = (
				"${PODS_PODFILE_DIR_PATH}/Podfile.lock",
				"${PODS_ROOT}/Manifest.lock",
			);
			name = "[CP] Check Pods Manifest.lock";
			outputFileListPaths = (
			);
			outputPaths = (
				"$(DERIVED_FILE_DIR)/Pods-MovieDBRxViper-checkManifestLockResult.txt",
			);
			runOnlyForDeploymentPostprocessing = 0;
			shellPath = /bin/sh;
			shellScript = "diff \"${PODS_PODFILE_DIR_PATH}/Podfile.lock\" \"${PODS_ROOT}/Manifest.lock\" > /dev/null\nif [ $? != 0 ] ; then\n    # print error to STDERR\n    echo \"error: The sandbox is not in sync with the Podfile.lock. Run 'pod install' or update your CocoaPods installation.\" >&2\n    exit 1\nfi\n# This output is used by Xcode 'outputs' to avoid re-running this script phase.\necho \"SUCCESS\" > \"${SCRIPT_OUTPUT_FILE_0}\"\n";
			showEnvVarsInLog = 0;
		};
		8F8057C55024629E1399C635 /* [CP] Embed Pods Frameworks */ = {
			isa = PBXShellScriptBuildPhase;
			buildActionMask = 2147483647;
			files = (
			);
			inputFileListPaths = (
				"${PODS_ROOT}/Target Support Files/Pods-MovieDBRxViper/Pods-MovieDBRxViper-frameworks-${CONFIGURATION}-input-files.xcfilelist",
			);
			name = "[CP] Embed Pods Frameworks";
			outputFileListPaths = (
				"${PODS_ROOT}/Target Support Files/Pods-MovieDBRxViper/Pods-MovieDBRxViper-frameworks-${CONFIGURATION}-output-files.xcfilelist",
			);
			runOnlyForDeploymentPostprocessing = 0;
			shellPath = /bin/sh;
			shellScript = "\"${PODS_ROOT}/Target Support Files/Pods-MovieDBRxViper/Pods-MovieDBRxViper-frameworks.sh\"\n";
			showEnvVarsInLog = 0;
		};
/* End PBXShellScriptBuildPhase section */

/* Begin PBXSourcesBuildPhase section */
		0C52799D2987B35900E1996C /* Sources */ = {
			isa = PBXSourcesBuildPhase;
			buildActionMask = 2147483647;
			files = (
				0C32E3BD298830B300802851 /* MVMovieDetailInteractor.swift in Sources */,
				0CC3C9ED2987EE4200488508 /* MVMovieListView.swift in Sources */,
				0CC3C9D52987CCFB00488508 /* MVHomeInteractor.swift in Sources */,
				0CC3C9E62987D9B400488508 /* MVMovieListInteractor.swift in Sources */,
				0C0BE0F72987C11E00C750C7 /* Constants.swift in Sources */,
				0CC3C9F12987F1FA00488508 /* MVMovieListCollectionViewCell.swift in Sources */,
				0CC3C9E52987D9B400488508 /* MVMovieListViewController.swift in Sources */,
				0CC3C9EA2987DF5E00488508 /* MVMovieCollection.swift in Sources */,
				0CC3C9DA2987D04D00488508 /* MVHomeViewController+Ext.swift in Sources */,
				0C32E3BB298830B300802851 /* MVMovieDetailRouter.swift in Sources */,
				0C0BE0F42987BFEB00C750C7 /* APIManager.swift in Sources */,
				0C32E3BA298830B300802851 /* MVMovieDetailPresenter.swift in Sources */,
				0C0BE0FD2987C51E00C750C7 /* MVGenre.swift in Sources */,
				0CC3C9E82987DE3C00488508 /* MVMovie.swift in Sources */,
				0CC3C9D82987CEAA00488508 /* MVHomeView.swift in Sources */,
				0CC3C9E22987D9B400488508 /* MVMovieListModule.swift in Sources */,
				0C5279A92987B35900E1996C /* ViewController.swift in Sources */,
				0CC3C9E42987D9B400488508 /* MVMovieListRouter.swift in Sources */,
				0CC3C9D22987CCFB00488508 /* MVHomePresenter.swift in Sources */,
				0C5279A52987B35900E1996C /* AppDelegate.swift in Sources */,
				0C0BE0F92987C47E00C750C7 /* MVGenreCollection.swift in Sources */,
				0C5279A72987B35900E1996C /* SceneDelegate.swift in Sources */,
				0CC3C9E32987D9B400488508 /* MVMovieListPresenter.swift in Sources */,
				0CC3C9D42987CCFB00488508 /* MVHomeViewController.swift in Sources */,
				0CC3C9EF2987F07500488508 /* MVMovieListViewController+Ext.swift in Sources */,
				0C32E3B9298830B300802851 /* MVMovieDetailModule.swift in Sources */,
				0CC3C9D32987CCFB00488508 /* MVHomeRouter.swift in Sources */,
				0CC3C9D12987CCFB00488508 /* MVHomeModule.swift in Sources */,
				0C32E3BC298830B300802851 /* MVMovieDetailViewController.swift in Sources */,
			);
			runOnlyForDeploymentPostprocessing = 0;
		};
/* End PBXSourcesBuildPhase section */

/* Begin PBXVariantGroup section */
		0C5279AF2987B35A00E1996C /* LaunchScreen.storyboard */ = {
			isa = PBXVariantGroup;
			children = (
				0C5279B02987B35A00E1996C /* Base */,
			);
			name = LaunchScreen.storyboard;
			sourceTree = "<group>";
		};
/* End PBXVariantGroup section */

/* Begin XCBuildConfiguration section */
		0C5279B32987B35A00E1996C /* Debug */ = {
			isa = XCBuildConfiguration;
			buildSettings = {
				ALWAYS_SEARCH_USER_PATHS = NO;
				CLANG_ANALYZER_NONNULL = YES;
				CLANG_ANALYZER_NUMBER_OBJECT_CONVERSION = YES_AGGRESSIVE;
				CLANG_CXX_LANGUAGE_STANDARD = "gnu++20";
				CLANG_ENABLE_MODULES = YES;
				CLANG_ENABLE_OBJC_ARC = YES;
				CLANG_ENABLE_OBJC_WEAK = YES;
				CLANG_WARN_BLOCK_CAPTURE_AUTORELEASING = YES;
				CLANG_WARN_BOOL_CONVERSION = YES;
				CLANG_WARN_COMMA = YES;
				CLANG_WARN_CONSTANT_CONVERSION = YES;
				CLANG_WARN_DEPRECATED_OBJC_IMPLEMENTATIONS = YES;
				CLANG_WARN_DIRECT_OBJC_ISA_USAGE = YES_ERROR;
				CLANG_WARN_DOCUMENTATION_COMMENTS = YES;
				CLANG_WARN_EMPTY_BODY = YES;
				CLANG_WARN_ENUM_CONVERSION = YES;
				CLANG_WARN_INFINITE_RECURSION = YES;
				CLANG_WARN_INT_CONVERSION = YES;
				CLANG_WARN_NON_LITERAL_NULL_CONVERSION = YES;
				CLANG_WARN_OBJC_IMPLICIT_RETAIN_SELF = YES;
				CLANG_WARN_OBJC_LITERAL_CONVERSION = YES;
				CLANG_WARN_OBJC_ROOT_CLASS = YES_ERROR;
				CLANG_WARN_QUOTED_INCLUDE_IN_FRAMEWORK_HEADER = YES;
				CLANG_WARN_RANGE_LOOP_ANALYSIS = YES;
				CLANG_WARN_STRICT_PROTOTYPES = YES;
				CLANG_WARN_SUSPICIOUS_MOVE = YES;
				CLANG_WARN_UNGUARDED_AVAILABILITY = YES_AGGRESSIVE;
				CLANG_WARN_UNREACHABLE_CODE = YES;
				CLANG_WARN__DUPLICATE_METHOD_MATCH = YES;
				COPY_PHASE_STRIP = NO;
				DEBUG_INFORMATION_FORMAT = dwarf;
				ENABLE_STRICT_OBJC_MSGSEND = YES;
				ENABLE_TESTABILITY = YES;
				GCC_C_LANGUAGE_STANDARD = gnu11;
				GCC_DYNAMIC_NO_PIC = NO;
				GCC_NO_COMMON_BLOCKS = YES;
				GCC_OPTIMIZATION_LEVEL = 0;
				GCC_PREPROCESSOR_DEFINITIONS = (
					"DEBUG=1",
					"$(inherited)",
				);
				GCC_WARN_64_TO_32_BIT_CONVERSION = YES;
				GCC_WARN_ABOUT_RETURN_TYPE = YES_ERROR;
				GCC_WARN_UNDECLARED_SELECTOR = YES;
				GCC_WARN_UNINITIALIZED_AUTOS = YES_AGGRESSIVE;
				GCC_WARN_UNUSED_FUNCTION = YES;
				GCC_WARN_UNUSED_VARIABLE = YES;
				IPHONEOS_DEPLOYMENT_TARGET = 16.2;
				MTL_ENABLE_DEBUG_INFO = INCLUDE_SOURCE;
				MTL_FAST_MATH = YES;
				ONLY_ACTIVE_ARCH = YES;
				SDKROOT = iphoneos;
				SWIFT_ACTIVE_COMPILATION_CONDITIONS = DEBUG;
				SWIFT_OPTIMIZATION_LEVEL = "-Onone";
			};
			name = Debug;
		};
		0C5279B42987B35A00E1996C /* Release */ = {
			isa = XCBuildConfiguration;
			buildSettings = {
				ALWAYS_SEARCH_USER_PATHS = NO;
				CLANG_ANALYZER_NONNULL = YES;
				CLANG_ANALYZER_NUMBER_OBJECT_CONVERSION = YES_AGGRESSIVE;
				CLANG_CXX_LANGUAGE_STANDARD = "gnu++20";
				CLANG_ENABLE_MODULES = YES;
				CLANG_ENABLE_OBJC_ARC = YES;
				CLANG_ENABLE_OBJC_WEAK = YES;
				CLANG_WARN_BLOCK_CAPTURE_AUTORELEASING = YES;
				CLANG_WARN_BOOL_CONVERSION = YES;
				CLANG_WARN_COMMA = YES;
				CLANG_WARN_CONSTANT_CONVERSION = YES;
				CLANG_WARN_DEPRECATED_OBJC_IMPLEMENTATIONS = YES;
				CLANG_WARN_DIRECT_OBJC_ISA_USAGE = YES_ERROR;
				CLANG_WARN_DOCUMENTATION_COMMENTS = YES;
				CLANG_WARN_EMPTY_BODY = YES;
				CLANG_WARN_ENUM_CONVERSION = YES;
				CLANG_WARN_INFINITE_RECURSION = YES;
				CLANG_WARN_INT_CONVERSION = YES;
				CLANG_WARN_NON_LITERAL_NULL_CONVERSION = YES;
				CLANG_WARN_OBJC_IMPLICIT_RETAIN_SELF = YES;
				CLANG_WARN_OBJC_LITERAL_CONVERSION = YES;
				CLANG_WARN_OBJC_ROOT_CLASS = YES_ERROR;
				CLANG_WARN_QUOTED_INCLUDE_IN_FRAMEWORK_HEADER = YES;
				CLANG_WARN_RANGE_LOOP_ANALYSIS = YES;
				CLANG_WARN_STRICT_PROTOTYPES = YES;
				CLANG_WARN_SUSPICIOUS_MOVE = YES;
				CLANG_WARN_UNGUARDED_AVAILABILITY = YES_AGGRESSIVE;
				CLANG_WARN_UNREACHABLE_CODE = YES;
				CLANG_WARN__DUPLICATE_METHOD_MATCH = YES;
				COPY_PHASE_STRIP = NO;
				DEBUG_INFORMATION_FORMAT = "dwarf-with-dsym";
				ENABLE_NS_ASSERTIONS = NO;
				ENABLE_STRICT_OBJC_MSGSEND = YES;
				GCC_C_LANGUAGE_STANDARD = gnu11;
				GCC_NO_COMMON_BLOCKS = YES;
				GCC_WARN_64_TO_32_BIT_CONVERSION = YES;
				GCC_WARN_ABOUT_RETURN_TYPE = YES_ERROR;
				GCC_WARN_UNDECLARED_SELECTOR = YES;
				GCC_WARN_UNINITIALIZED_AUTOS = YES_AGGRESSIVE;
				GCC_WARN_UNUSED_FUNCTION = YES;
				GCC_WARN_UNUSED_VARIABLE = YES;
				IPHONEOS_DEPLOYMENT_TARGET = 16.2;
				MTL_ENABLE_DEBUG_INFO = NO;
				MTL_FAST_MATH = YES;
				SDKROOT = iphoneos;
				SWIFT_COMPILATION_MODE = wholemodule;
				SWIFT_OPTIMIZATION_LEVEL = "-O";
				VALIDATE_PRODUCT = YES;
			};
			name = Release;
		};
		0C5279B62987B35A00E1996C /* Debug */ = {
			isa = XCBuildConfiguration;
			baseConfigurationReference = 5F6D0933FD11087E2893339E /* Pods-MovieDBRxViper.debug.xcconfig */;
			buildSettings = {
				ASSETCATALOG_COMPILER_APPICON_NAME = AppIcon;
				ASSETCATALOG_COMPILER_GLOBAL_ACCENT_COLOR_NAME = AccentColor;
				CODE_SIGN_STYLE = Automatic;
				CURRENT_PROJECT_VERSION = 1;
				DEVELOPMENT_TEAM = CL42QD4LKB;
				GENERATE_INFOPLIST_FILE = YES;
				INFOPLIST_FILE = MovieDBRxViper/Info.plist;
				INFOPLIST_KEY_UIApplicationSupportsIndirectInputEvents = YES;
				INFOPLIST_KEY_UILaunchStoryboardName = LaunchScreen;
				INFOPLIST_KEY_UIMainStoryboardFile = "";
				INFOPLIST_KEY_UISupportedInterfaceOrientations_iPad = "UIInterfaceOrientationPortrait UIInterfaceOrientationPortraitUpsideDown UIInterfaceOrientationLandscapeLeft UIInterfaceOrientationLandscapeRight";
				INFOPLIST_KEY_UISupportedInterfaceOrientations_iPhone = "UIInterfaceOrientationPortrait UIInterfaceOrientationLandscapeLeft UIInterfaceOrientationLandscapeRight";
				IPHONEOS_DEPLOYMENT_TARGET = 15.0;
				LD_RUNPATH_SEARCH_PATHS = (
					"$(inherited)",
					"@executable_path/Frameworks",
				);
				MARKETING_VERSION = 1.0;
				PRODUCT_BUNDLE_IDENTIFIER = id.gregorius.MovieDBRxViper;
				PRODUCT_NAME = "$(TARGET_NAME)";
				SWIFT_EMIT_LOC_STRINGS = YES;
				SWIFT_VERSION = 5.0;
				TARGETED_DEVICE_FAMILY = "1,2";
			};
			name = Debug;
		};
		0C5279B72987B35A00E1996C /* Release */ = {
			isa = XCBuildConfiguration;
			baseConfigurationReference = 4A72BED0A212C5CDA7812199 /* Pods-MovieDBRxViper.release.xcconfig */;
			buildSettings = {
				ASSETCATALOG_COMPILER_APPICON_NAME = AppIcon;
				ASSETCATALOG_COMPILER_GLOBAL_ACCENT_COLOR_NAME = AccentColor;
				CODE_SIGN_STYLE = Automatic;
				CURRENT_PROJECT_VERSION = 1;
				DEVELOPMENT_TEAM = CL42QD4LKB;
				GENERATE_INFOPLIST_FILE = YES;
				INFOPLIST_FILE = MovieDBRxViper/Info.plist;
				INFOPLIST_KEY_UIApplicationSupportsIndirectInputEvents = YES;
				INFOPLIST_KEY_UILaunchStoryboardName = LaunchScreen;
				INFOPLIST_KEY_UIMainStoryboardFile = "";
				INFOPLIST_KEY_UISupportedInterfaceOrientations_iPad = "UIInterfaceOrientationPortrait UIInterfaceOrientationPortraitUpsideDown UIInterfaceOrientationLandscapeLeft UIInterfaceOrientationLandscapeRight";
				INFOPLIST_KEY_UISupportedInterfaceOrientations_iPhone = "UIInterfaceOrientationPortrait UIInterfaceOrientationLandscapeLeft UIInterfaceOrientationLandscapeRight";
				IPHONEOS_DEPLOYMENT_TARGET = 15.0;
				LD_RUNPATH_SEARCH_PATHS = (
					"$(inherited)",
					"@executable_path/Frameworks",
				);
				MARKETING_VERSION = 1.0;
				PRODUCT_BUNDLE_IDENTIFIER = id.gregorius.MovieDBRxViper;
				PRODUCT_NAME = "$(TARGET_NAME)";
				SWIFT_EMIT_LOC_STRINGS = YES;
				SWIFT_VERSION = 5.0;
				TARGETED_DEVICE_FAMILY = "1,2";
			};
			name = Release;
		};
/* End XCBuildConfiguration section */

/* Begin XCConfigurationList section */
		0C52799C2987B35900E1996C /* Build configuration list for PBXProject "MovieDBRxViper" */ = {
			isa = XCConfigurationList;
			buildConfigurations = (
				0C5279B32987B35A00E1996C /* Debug */,
				0C5279B42987B35A00E1996C /* Release */,
			);
			defaultConfigurationIsVisible = 0;
			defaultConfigurationName = Release;
		};
		0C5279B52987B35A00E1996C /* Build configuration list for PBXNativeTarget "MovieDBRxViper" */ = {
			isa = XCConfigurationList;
			buildConfigurations = (
				0C5279B62987B35A00E1996C /* Debug */,
				0C5279B72987B35A00E1996C /* Release */,
			);
			defaultConfigurationIsVisible = 0;
			defaultConfigurationName = Release;
		};
/* End XCConfigurationList section */
	};
	rootObject = 0C5279992987B35900E1996C /* Project object */;
}
